// !$*UTF8*$!
{
	archiveVersion = 1;
	classes = {
	};
	objectVersion = 56;
	objects = {

/* Begin PBXBuildFile section */
		5191E4970BCDED6D53D90D70 /* Pods_SnapchatClone.framework in Frameworks */ = {isa = PBXBuildFile; fileRef = D62739B7944538E94030D8AE /* Pods_SnapchatClone.framework */; };
		B205080C29ACA05A002BD3F3 /* AppDelegate.swift in Sources */ = {isa = PBXBuildFile; fileRef = B205080B29ACA05A002BD3F3 /* AppDelegate.swift */; };
		B205080E29ACA05A002BD3F3 /* SceneDelegate.swift in Sources */ = {isa = PBXBuildFile; fileRef = B205080D29ACA05A002BD3F3 /* SceneDelegate.swift */; };
		B205081029ACA05A002BD3F3 /* SignInVC.swift in Sources */ = {isa = PBXBuildFile; fileRef = B205080F29ACA05A002BD3F3 /* SignInVC.swift */; };
		B205081329ACA05A002BD3F3 /* Main.storyboard in Resources */ = {isa = PBXBuildFile; fileRef = B205081129ACA05A002BD3F3 /* Main.storyboard */; };
		B205081529ACA05D002BD3F3 /* Assets.xcassets in Resources */ = {isa = PBXBuildFile; fileRef = B205081429ACA05D002BD3F3 /* Assets.xcassets */; };
		B205081829ACA05D002BD3F3 /* LaunchScreen.storyboard in Resources */ = {isa = PBXBuildFile; fileRef = B205081629ACA05D002BD3F3 /* LaunchScreen.storyboard */; };
		B259887429AE03F700F13121 /* Snap.swift in Sources */ = {isa = PBXBuildFile; fileRef = B259887329AE03F700F13121 /* Snap.swift */; };
		B265CFD829ACA177003474A9 /* GoogleService-Info.plist in Resources */ = {isa = PBXBuildFile; fileRef = B265CFD729ACA177003474A9 /* GoogleService-Info.plist */; };
		B26A929529ACD9A9001848D7 /* UserSingleton.swift in Sources */ = {isa = PBXBuildFile; fileRef = B26A929429ACD9A9001848D7 /* UserSingleton.swift */; };
		B287E74629AD02FA00F72AD7 /* FeedCell.swift in Sources */ = {isa = PBXBuildFile; fileRef = B287E74529AD02FA00F72AD7 /* FeedCell.swift */; };
		B299BBD729ACB169007C4643 /* SnapVC.swift in Sources */ = {isa = PBXBuildFile; fileRef = B299BBD629ACB169007C4643 /* SnapVC.swift */; };
		B2AD8B2729ACACC600AF2571 /* FeedVC.swift in Sources */ = {isa = PBXBuildFile; fileRef = B2AD8B2629ACACC600AF2571 /* FeedVC.swift */; };
		B2AD8B2929ACACD800AF2571 /* UploadVC.swift in Sources */ = {isa = PBXBuildFile; fileRef = B2AD8B2829ACACD800AF2571 /* UploadVC.swift */; };
		B2AD8B2B29ACACF100AF2571 /* SettingsVC.swift in Sources */ = {isa = PBXBuildFile; fileRef = B2AD8B2A29ACACF100AF2571 /* SettingsVC.swift */; };
/* End PBXBuildFile section */

/* Begin PBXFileReference section */
		2C33DDFC35128CCF159C5E69 /* Pods-SnapchatClone.debug.xcconfig */ = {isa = PBXFileReference; includeInIndex = 1; lastKnownFileType = text.xcconfig; name = "Pods-SnapchatClone.debug.xcconfig"; path = "Target Support Files/Pods-SnapchatClone/Pods-SnapchatClone.debug.xcconfig"; sourceTree = "<group>"; };
		49581C38A45FF91C8D0BD54F /* Pods-SnapchatClone.release.xcconfig */ = {isa = PBXFileReference; includeInIndex = 1; lastKnownFileType = text.xcconfig; name = "Pods-SnapchatClone.release.xcconfig"; path = "Target Support Files/Pods-SnapchatClone/Pods-SnapchatClone.release.xcconfig"; sourceTree = "<group>"; };
		B205080829ACA05A002BD3F3 /* SnapchatClone.app */ = {isa = PBXFileReference; explicitFileType = wrapper.application; includeInIndex = 0; path = SnapchatClone.app; sourceTree = BUILT_PRODUCTS_DIR; };
		B205080B29ACA05A002BD3F3 /* AppDelegate.swift */ = {isa = PBXFileReference; lastKnownFileType = sourcecode.swift; path = AppDelegate.swift; sourceTree = "<group>"; };
		B205080D29ACA05A002BD3F3 /* SceneDelegate.swift */ = {isa = PBXFileReference; lastKnownFileType = sourcecode.swift; path = SceneDelegate.swift; sourceTree = "<group>"; };
		B205080F29ACA05A002BD3F3 /* SignInVC.swift */ = {isa = PBXFileReference; lastKnownFileType = sourcecode.swift; path = SignInVC.swift; sourceTree = "<group>"; };
		B205081229ACA05A002BD3F3 /* Base */ = {isa = PBXFileReference; lastKnownFileType = file.storyboard; name = Base; path = Base.lproj/Main.storyboard; sourceTree = "<group>"; };
		B205081429ACA05D002BD3F3 /* Assets.xcassets */ = {isa = PBXFileReference; lastKnownFileType = folder.assetcatalog; path = Assets.xcassets; sourceTree = "<group>"; };
		B205081729ACA05D002BD3F3 /* Base */ = {isa = PBXFileReference; lastKnownFileType = file.storyboard; name = Base; path = Base.lproj/LaunchScreen.storyboard; sourceTree = "<group>"; };
		B205081929ACA05D002BD3F3 /* Info.plist */ = {isa = PBXFileReference; lastKnownFileType = text.plist.xml; path = Info.plist; sourceTree = "<group>"; };
		B259887329AE03F700F13121 /* Snap.swift */ = {isa = PBXFileReference; lastKnownFileType = sourcecode.swift; path = Snap.swift; sourceTree = "<group>"; };
		B265CFD729ACA177003474A9 /* GoogleService-Info.plist */ = {isa = PBXFileReference; fileEncoding = 4; lastKnownFileType = text.plist.xml; path = "GoogleService-Info.plist"; sourceTree = "<group>"; };
		B26A929429ACD9A9001848D7 /* UserSingleton.swift */ = {isa = PBXFileReference; lastKnownFileType = sourcecode.swift; path = UserSingleton.swift; sourceTree = "<group>"; };
		B287E74529AD02FA00F72AD7 /* FeedCell.swift */ = {isa = PBXFileReference; lastKnownFileType = sourcecode.swift; path = FeedCell.swift; sourceTree = "<group>"; };
		B299BBD629ACB169007C4643 /* SnapVC.swift */ = {isa = PBXFileReference; lastKnownFileType = sourcecode.swift; path = SnapVC.swift; sourceTree = "<group>"; };
		B2AD8B2629ACACC600AF2571 /* FeedVC.swift */ = {isa = PBXFileReference; lastKnownFileType = sourcecode.swift; path = FeedVC.swift; sourceTree = "<group>"; };
		B2AD8B2829ACACD800AF2571 /* UploadVC.swift */ = {isa = PBXFileReference; lastKnownFileType = sourcecode.swift; path = UploadVC.swift; sourceTree = "<group>"; };
		B2AD8B2A29ACACF100AF2571 /* SettingsVC.swift */ = {isa = PBXFileReference; lastKnownFileType = sourcecode.swift; path = SettingsVC.swift; sourceTree = "<group>"; };
		D62739B7944538E94030D8AE /* Pods_SnapchatClone.framework */ = {isa = PBXFileReference; explicitFileType = wrapper.framework; includeInIndex = 0; path = Pods_SnapchatClone.framework; sourceTree = BUILT_PRODUCTS_DIR; };
/* End PBXFileReference section */

/* Begin PBXFrameworksBuildPhase section */
		B205080529ACA05A002BD3F3 /* Frameworks */ = {
			isa = PBXFrameworksBuildPhase;
			buildActionMask = 2147483647;
			files = (
				5191E4970BCDED6D53D90D70 /* Pods_SnapchatClone.framework in Frameworks */,
			);
			runOnlyForDeploymentPostprocessing = 0;
		};
/* End PBXFrameworksBuildPhase section */

/* Begin PBXGroup section */
		776E6EE766F0DDCA683B60CF /* Frameworks */ = {
			isa = PBXGroup;
			children = (
				D62739B7944538E94030D8AE /* Pods_SnapchatClone.framework */,
			);
			name = Frameworks;
			sourceTree = "<group>";
		};
		B20507FF29ACA05A002BD3F3 = {
			isa = PBXGroup;
			children = (
				B205080A29ACA05A002BD3F3 /* SnapchatClone */,
				B205080929ACA05A002BD3F3 /* Products */,
				CA79F8B73F74E0CB0228E6CD /* Pods */,
				776E6EE766F0DDCA683B60CF /* Frameworks */,
			);
			sourceTree = "<group>";
		};
		B205080929ACA05A002BD3F3 /* Products */ = {
			isa = PBXGroup;
			children = (
				B205080829ACA05A002BD3F3 /* SnapchatClone.app */,
			);
			name = Products;
			sourceTree = "<group>";
		};
		B205080A29ACA05A002BD3F3 /* SnapchatClone */ = {
			isa = PBXGroup;
			children = (
				B26A929329ACD984001848D7 /* Model */,
				B2AD8B2D29ACAD6600AF2571 /* Delegates */,
				B2AD8B2C29ACAD2300AF2571 /* ViewControllers */,
				B205081129ACA05A002BD3F3 /* Main.storyboard */,
				B205081429ACA05D002BD3F3 /* Assets.xcassets */,
				B205081629ACA05D002BD3F3 /* LaunchScreen.storyboard */,
				B205081929ACA05D002BD3F3 /* Info.plist */,
				B265CFD729ACA177003474A9 /* GoogleService-Info.plist */,
			);
			path = SnapchatClone;
			sourceTree = "<group>";
		};
		B26A929329ACD984001848D7 /* Model */ = {
			isa = PBXGroup;
			children = (
				B26A929429ACD9A9001848D7 /* UserSingleton.swift */,
				B259887329AE03F700F13121 /* Snap.swift */,
			);
			path = Model;
			sourceTree = "<group>";
		};
		B2AD8B2C29ACAD2300AF2571 /* ViewControllers */ = {
			isa = PBXGroup;
			children = (
				B287E74529AD02FA00F72AD7 /* FeedCell.swift */,
				B205080F29ACA05A002BD3F3 /* SignInVC.swift */,
				B2AD8B2629ACACC600AF2571 /* FeedVC.swift */,
				B2AD8B2829ACACD800AF2571 /* UploadVC.swift */,
				B2AD8B2A29ACACF100AF2571 /* SettingsVC.swift */,
				B299BBD629ACB169007C4643 /* SnapVC.swift */,
			);
			path = ViewControllers;
			sourceTree = "<group>";
		};
		B2AD8B2D29ACAD6600AF2571 /* Delegates */ = {
			isa = PBXGroup;
			children = (
				B205080B29ACA05A002BD3F3 /* AppDelegate.swift */,
				B205080D29ACA05A002BD3F3 /* SceneDelegate.swift */,
			);
			path = Delegates;
			sourceTree = "<group>";
		};
		CA79F8B73F74E0CB0228E6CD /* Pods */ = {
			isa = PBXGroup;
			children = (
				2C33DDFC35128CCF159C5E69 /* Pods-SnapchatClone.debug.xcconfig */,
				49581C38A45FF91C8D0BD54F /* Pods-SnapchatClone.release.xcconfig */,
			);
			path = Pods;
			sourceTree = "<group>";
		};
/* End PBXGroup section */

/* Begin PBXNativeTarget section */
		B205080729ACA05A002BD3F3 /* SnapchatClone */ = {
			isa = PBXNativeTarget;
			buildConfigurationList = B205081C29ACA05D002BD3F3 /* Build configuration list for PBXNativeTarget "SnapchatClone" */;
			buildPhases = (
				3B85E39D0886C48C1453025C /* [CP] Check Pods Manifest.lock */,
				B205080429ACA05A002BD3F3 /* Sources */,
				B205080529ACA05A002BD3F3 /* Frameworks */,
				B205080629ACA05A002BD3F3 /* Resources */,
				01FEDCAA76BC1379D9CA897A /* [CP] Embed Pods Frameworks */,
			);
			buildRules = (
			);
			dependencies = (
			);
			name = SnapchatClone;
			productName = SnapchatClone;
			productReference = B205080829ACA05A002BD3F3 /* SnapchatClone.app */;
			productType = "com.apple.product-type.application";
		};
/* End PBXNativeTarget section */

/* Begin PBXProject section */
		B205080029ACA05A002BD3F3 /* Project object */ = {
			isa = PBXProject;
			attributes = {
				BuildIndependentTargetsInParallel = 1;
				LastSwiftUpdateCheck = 1420;
				LastUpgradeCheck = 1420;
				TargetAttributes = {
					B205080729ACA05A002BD3F3 = {
						CreatedOnToolsVersion = 14.2;
					};
				};
			};
			buildConfigurationList = B205080329ACA05A002BD3F3 /* Build configuration list for PBXProject "SnapchatClone" */;
			compatibilityVersion = "Xcode 14.0";
			developmentRegion = en;
			hasScannedForEncodings = 0;
			knownRegions = (
				en,
				Base,
			);
			mainGroup = B20507FF29ACA05A002BD3F3;
			productRefGroup = B205080929ACA05A002BD3F3 /* Products */;
			projectDirPath = "";
			projectRoot = "";
			targets = (
				B205080729ACA05A002BD3F3 /* SnapchatClone */,
			);
		};
/* End PBXProject section */

/* Begin PBXResourcesBuildPhase section */
		B205080629ACA05A002BD3F3 /* Resources */ = {
			isa = PBXResourcesBuildPhase;
			buildActionMask = 2147483647;
			files = (
				B205081829ACA05D002BD3F3 /* LaunchScreen.storyboard in Resources */,
				B265CFD829ACA177003474A9 /* GoogleService-Info.plist in Resources */,
				B205081529ACA05D002BD3F3 /* Assets.xcassets in Resources */,
				B205081329ACA05A002BD3F3 /* Main.storyboard in Resources */,
			);
			runOnlyForDeploymentPostprocessing = 0;
		};
/* End PBXResourcesBuildPhase section */

/* Begin PBXShellScriptBuildPhase section */
		01FEDCAA76BC1379D9CA897A /* [CP] Embed Pods Frameworks */ = {
			isa = PBXShellScriptBuildPhase;
			buildActionMask = 2147483647;
			files = (
			);
			inputFileListPaths = (
				"${PODS_ROOT}/Target Support Files/Pods-SnapchatClone/Pods-SnapchatClone-frameworks-${CONFIGURATION}-input-files.xcfilelist",
			);
			name = "[CP] Embed Pods Frameworks";
			outputFileListPaths = (
				"${PODS_ROOT}/Target Support Files/Pods-SnapchatClone/Pods-SnapchatClone-frameworks-${CONFIGURATION}-output-files.xcfilelist",
			);
			runOnlyForDeploymentPostprocessing = 0;
			shellPath = /bin/sh;
			shellScript = "\"${PODS_ROOT}/Target Support Files/Pods-SnapchatClone/Pods-SnapchatClone-frameworks.sh\"\n";
			showEnvVarsInLog = 0;
		};
		3B85E39D0886C48C1453025C /* [CP] Check Pods Manifest.lock */ = {
			isa = PBXShellScriptBuildPhase;
			buildActionMask = 2147483647;
			files = (
			);
			inputFileListPaths = (
			);
			inputPaths = (
				"${PODS_PODFILE_DIR_PATH}/Podfile.lock",
				"${PODS_ROOT}/Manifest.lock",
			);
			name = "[CP] Check Pods Manifest.lock";
			outputFileListPaths = (
			);
			outputPaths = (
				"$(DERIVED_FILE_DIR)/Pods-SnapchatClone-checkManifestLockResult.txt",
			);
			runOnlyForDeploymentPostprocessing = 0;
			shellPath = /bin/sh;
			shellScript = "diff \"${PODS_PODFILE_DIR_PATH}/Podfile.lock\" \"${PODS_ROOT}/Manifest.lock\" > /dev/null\nif [ $? != 0 ] ; then\n    # print error to STDERR\n    echo \"error: The sandbox is not in sync with the Podfile.lock. Run 'pod install' or update your CocoaPods installation.\" >&2\n    exit 1\nfi\n# This output is used by Xcode 'outputs' to avoid re-running this script phase.\necho \"SUCCESS\" > \"${SCRIPT_OUTPUT_FILE_0}\"\n";
			showEnvVarsInLog = 0;
		};
/* End PBXShellScriptBuildPhase section */

/* Begin PBXSourcesBuildPhase section */
		B205080429ACA05A002BD3F3 /* Sources */ = {
			isa = PBXSourcesBuildPhase;
			buildActionMask = 2147483647;
			files = (
				B26A929529ACD9A9001848D7 /* UserSingleton.swift in Sources */,
				B259887429AE03F700F13121 /* Snap.swift in Sources */,
				B2AD8B2729ACACC600AF2571 /* FeedVC.swift in Sources */,
				B205081029ACA05A002BD3F3 /* SignInVC.swift in Sources */,
				B205080C29ACA05A002BD3F3 /* AppDelegate.swift in Sources */,
				B2AD8B2929ACACD800AF2571 /* UploadVC.swift in Sources */,
				B299BBD729ACB169007C4643 /* SnapVC.swift in Sources */,
				B205080E29ACA05A002BD3F3 /* SceneDelegate.swift in Sources */,
				B2AD8B2B29ACACF100AF2571 /* SettingsVC.swift in Sources */,
				B287E74629AD02FA00F72AD7 /* FeedCell.swift in Sources */,
			);
			runOnlyForDeploymentPostprocessing = 0;
		};
/* End PBXSourcesBuildPhase section */

/* Begin PBXVariantGroup section */
		B205081129ACA05A002BD3F3 /* Main.storyboard */ = {
			isa = PBXVariantGroup;
			children = (
				B205081229ACA05A002BD3F3 /* Base */,
			);
			name = Main.storyboard;
			sourceTree = "<group>";
		};
		B205081629ACA05D002BD3F3 /* LaunchScreen.storyboard */ = {
			isa = PBXVariantGroup;
			children = (
				B205081729ACA05D002BD3F3 /* Base */,
			);
			name = LaunchScreen.storyboard;
			sourceTree = "<group>";
		};
/* End PBXVariantGroup section */

/* Begin XCBuildConfiguration section */
		B205081A29ACA05D002BD3F3 /* Debug */ = {
			isa = XCBuildConfiguration;
			buildSettings = {
				ALWAYS_SEARCH_USER_PATHS = NO;
				CLANG_ANALYZER_NONNULL = YES;
				CLANG_ANALYZER_NUMBER_OBJECT_CONVERSION = YES_AGGRESSIVE;
				CLANG_CXX_LANGUAGE_STANDARD = "gnu++20";
				CLANG_ENABLE_MODULES = YES;
				CLANG_ENABLE_OBJC_ARC = YES;
				CLANG_ENABLE_OBJC_WEAK = YES;
				CLANG_WARN_BLOCK_CAPTURE_AUTORELEASING = YES;
				CLANG_WARN_BOOL_CONVERSION = YES;
				CLANG_WARN_COMMA = YES;
				CLANG_WARN_CONSTANT_CONVERSION = YES;
				CLANG_WARN_DEPRECATED_OBJC_IMPLEMENTATIONS = YES;
				CLANG_WARN_DIRECT_OBJC_ISA_USAGE = YES_ERROR;
				CLANG_WARN_DOCUMENTATION_COMMENTS = YES;
				CLANG_WARN_EMPTY_BODY = YES;
				CLANG_WARN_ENUM_CONVERSION = YES;
				CLANG_WARN_INFINITE_RECURSION = YES;
				CLANG_WARN_INT_CONVERSION = YES;
				CLANG_WARN_NON_LITERAL_NULL_CONVERSION = YES;
				CLANG_WARN_OBJC_IMPLICIT_RETAIN_SELF = YES;
				CLANG_WARN_OBJC_LITERAL_CONVERSION = YES;
				CLANG_WARN_OBJC_ROOT_CLASS = YES_ERROR;
				CLANG_WARN_QUOTED_INCLUDE_IN_FRAMEWORK_HEADER = YES;
				CLANG_WARN_RANGE_LOOP_ANALYSIS = YES;
				CLANG_WARN_STRICT_PROTOTYPES = YES;
				CLANG_WARN_SUSPICIOUS_MOVE = YES;
				CLANG_WARN_UNGUARDED_AVAILABILITY = YES_AGGRESSIVE;
				CLANG_WARN_UNREACHABLE_CODE = YES;
				CLANG_WARN__DUPLICATE_METHOD_MATCH = YES;
				COPY_PHASE_STRIP = NO;
				DEBUG_INFORMATION_FORMAT = dwarf;
				ENABLE_STRICT_OBJC_MSGSEND = YES;
				ENABLE_TESTABILITY = YES;
				GCC_C_LANGUAGE_STANDARD = gnu11;
				GCC_DYNAMIC_NO_PIC = NO;
				GCC_NO_COMMON_BLOCKS = YES;
				GCC_OPTIMIZATION_LEVEL = 0;
				GCC_PREPROCESSOR_DEFINITIONS = (
					"DEBUG=1",
					"$(inherited)",
				);
				GCC_WARN_64_TO_32_BIT_CONVERSION = YES;
				GCC_WARN_ABOUT_RETURN_TYPE = YES_ERROR;
				GCC_WARN_UNDECLARED_SELECTOR = YES;
				GCC_WARN_UNINITIALIZED_AUTOS = YES_AGGRESSIVE;
				GCC_WARN_UNUSED_FUNCTION = YES;
				GCC_WARN_UNUSED_VARIABLE = YES;
				IPHONEOS_DEPLOYMENT_TARGET = 16.2;
				MTL_ENABLE_DEBUG_INFO = INCLUDE_SOURCE;
				MTL_FAST_MATH = YES;
				ONLY_ACTIVE_ARCH = YES;
				SDKROOT = iphoneos;
				SWIFT_ACTIVE_COMPILATION_CONDITIONS = DEBUG;
				SWIFT_OPTIMIZATION_LEVEL = "-Onone";
			};
			name = Debug;
		};
		B205081B29ACA05D002BD3F3 /* Release */ = {
			isa = XCBuildConfiguration;
			buildSettings = {
				ALWAYS_SEARCH_USER_PATHS = NO;
				CLANG_ANALYZER_NONNULL = YES;
				CLANG_ANALYZER_NUMBER_OBJECT_CONVERSION = YES_AGGRESSIVE;
				CLANG_CXX_LANGUAGE_STANDARD = "gnu++20";
				CLANG_ENABLE_MODULES = YES;
				CLANG_ENABLE_OBJC_ARC = YES;
				CLANG_ENABLE_OBJC_WEAK = YES;
				CLANG_WARN_BLOCK_CAPTURE_AUTORELEASING = YES;
				CLANG_WARN_BOOL_CONVERSION = YES;
				CLANG_WARN_COMMA = YES;
				CLANG_WARN_CONSTANT_CONVERSION = YES;
				CLANG_WARN_DEPRECATED_OBJC_IMPLEMENTATIONS = YES;
				CLANG_WARN_DIRECT_OBJC_ISA_USAGE = YES_ERROR;
				CLANG_WARN_DOCUMENTATION_COMMENTS = YES;
				CLANG_WARN_EMPTY_BODY = YES;
				CLANG_WARN_ENUM_CONVERSION = YES;
				CLANG_WARN_INFINITE_RECURSION = YES;
				CLANG_WARN_INT_CONVERSION = YES;
				CLANG_WARN_NON_LITERAL_NULL_CONVERSION = YES;
				CLANG_WARN_OBJC_IMPLICIT_RETAIN_SELF = YES;
				CLANG_WARN_OBJC_LITERAL_CONVERSION = YES;
				CLANG_WARN_OBJC_ROOT_CLASS = YES_ERROR;
				CLANG_WARN_QUOTED_INCLUDE_IN_FRAMEWORK_HEADER = YES;
				CLANG_WARN_RANGE_LOOP_ANALYSIS = YES;
				CLANG_WARN_STRICT_PROTOTYPES = YES;
				CLANG_WARN_SUSPICIOUS_MOVE = YES;
				CLANG_WARN_UNGUARDED_AVAILABILITY = YES_AGGRESSIVE;
				CLANG_WARN_UNREACHABLE_CODE = YES;
				CLANG_WARN__DUPLICATE_METHOD_MATCH = YES;
				COPY_PHASE_STRIP = NO;
				DEBUG_INFORMATION_FORMAT = "dwarf-with-dsym";
				ENABLE_NS_ASSERTIONS = NO;
				ENABLE_STRICT_OBJC_MSGSEND = YES;
				GCC_C_LANGUAGE_STANDARD = gnu11;
				GCC_NO_COMMON_BLOCKS = YES;
				GCC_WARN_64_TO_32_BIT_CONVERSION = YES;
				GCC_WARN_ABOUT_RETURN_TYPE = YES_ERROR;
				GCC_WARN_UNDECLARED_SELECTOR = YES;
				GCC_WARN_UNINITIALIZED_AUTOS = YES_AGGRESSIVE;
				GCC_WARN_UNUSED_FUNCTION = YES;
				GCC_WARN_UNUSED_VARIABLE = YES;
				IPHONEOS_DEPLOYMENT_TARGET = 16.2;
				MTL_ENABLE_DEBUG_INFO = NO;
				MTL_FAST_MATH = YES;
				SDKROOT = iphoneos;
				SWIFT_COMPILATION_MODE = wholemodule;
				SWIFT_OPTIMIZATION_LEVEL = "-O";
				VALIDATE_PRODUCT = YES;
			};
			name = Release;
		};
		B205081D29ACA05D002BD3F3 /* Debug */ = {
			isa = XCBuildConfiguration;
			baseConfigurationReference = 2C33DDFC35128CCF159C5E69 /* Pods-SnapchatClone.debug.xcconfig */;
			buildSettings = {
				ASSETCATALOG_COMPILER_APPICON_NAME = AppIcon;
				ASSETCATALOG_COMPILER_GLOBAL_ACCENT_COLOR_NAME = AccentColor;
				CODE_SIGN_STYLE = Automatic;
				CURRENT_PROJECT_VERSION = 1;
				DEVELOPMENT_TEAM = WKMZ5VTDVT;
				GENERATE_INFOPLIST_FILE = YES;
				INFOPLIST_FILE = SnapchatClone/Info.plist;
				INFOPLIST_KEY_UIApplicationSupportsIndirectInputEvents = YES;
				INFOPLIST_KEY_UILaunchStoryboardName = LaunchScreen;
				INFOPLIST_KEY_UIMainStoryboardFile = Main;
				INFOPLIST_KEY_UISupportedInterfaceOrientations_iPad = "UIInterfaceOrientationPortrait UIInterfaceOrientationPortraitUpsideDown UIInterfaceOrientationLandscapeLeft UIInterfaceOrientationLandscapeRight";
				INFOPLIST_KEY_UISupportedInterfaceOrientations_iPhone = "UIInterfaceOrientationPortrait UIInterfaceOrientationLandscapeLeft UIInterfaceOrientationLandscapeRight";
				LD_RUNPATH_SEARCH_PATHS = (
					"$(inherited)",
					"@executable_path/Frameworks",
				);
				MARKETING_VERSION = 1.0;
				PRODUCT_BUNDLE_IDENTIFIER = com.mehmet.SnapchatClone;
				PRODUCT_NAME = "$(TARGET_NAME)";
				SWIFT_EMIT_LOC_STRINGS = YES;
				SWIFT_VERSION = 5.0;
				TARGETED_DEVICE_FAMILY = "1,2";
			};
			name = Debug;
		};
		B205081E29ACA05D002BD3F3 /* Release */ = {
			isa = XCBuildConfiguration;
			baseConfigurationReference = 49581C38A45FF91C8D0BD54F /* Pods-SnapchatClone.release.xcconfig */;
			buildSettings = {
				ASSETCATALOG_COMPILER_APPICON_NAME = AppIcon;
				ASSETCATALOG_COMPILER_GLOBAL_ACCENT_COLOR_NAME = AccentColor;
				CODE_SIGN_STYLE = Automatic;
				CURRENT_PROJECT_VERSION = 1;
				DEVELOPMENT_TEAM = WKMZ5VTDVT;
				GENERATE_INFOPLIST_FILE = YES;
				INFOPLIST_FILE = SnapchatClone/Info.plist;
				INFOPLIST_KEY_UIApplicationSupportsIndirectInputEvents = YES;
				INFOPLIST_KEY_UILaunchStoryboardName = LaunchScreen;
				INFOPLIST_KEY_UIMainStoryboardFile = Main;
				INFOPLIST_KEY_UISupportedInterfaceOrientations_iPad = "UIInterfaceOrientationPortrait UIInterfaceOrientationPortraitUpsideDown UIInterfaceOrientationLandscapeLeft UIInterfaceOrientationLandscapeRight";
				INFOPLIST_KEY_UISupportedInterfaceOrientations_iPhone = "UIInterfaceOrientationPortrait UIInterfaceOrientationLandscapeLeft UIInterfaceOrientationLandscapeRight";
				LD_RUNPATH_SEARCH_PATHS = (
					"$(inherited)",
					"@executable_path/Frameworks",
				);
				MARKETING_VERSION = 1.0;
				PRODUCT_BUNDLE_IDENTIFIER = com.mehmet.SnapchatClone;
				PRODUCT_NAME = "$(TARGET_NAME)";
				SWIFT_EMIT_LOC_STRINGS = YES;
				SWIFT_VERSION = 5.0;
				TARGETED_DEVICE_FAMILY = "1,2";
			};
			name = Release;
		};
/* End XCBuildConfiguration section */

/* Begin XCConfigurationList section */
		B205080329ACA05A002BD3F3 /* Build configuration list for PBXProject "SnapchatClone" */ = {
			isa = XCConfigurationList;
			buildConfigurations = (
				B205081A29ACA05D002BD3F3 /* Debug */,
				B205081B29ACA05D002BD3F3 /* Release */,
			);
			defaultConfigurationIsVisible = 0;
			defaultConfigurationName = Release;
		};
		B205081C29ACA05D002BD3F3 /* Build configuration list for PBXNativeTarget "SnapchatClone" */ = {
			isa = XCConfigurationList;
			buildConfigurations = (
				B205081D29ACA05D002BD3F3 /* Debug */,
				B205081E29ACA05D002BD3F3 /* Release */,
			);
			defaultConfigurationIsVisible = 0;
			defaultConfigurationName = Release;
		};
/* End XCConfigurationList section */
	};
	rootObject = B205080029ACA05A002BD3F3 /* Project object */;
}
